
Microsoft Visual Studio Solution File, Format Version 12.00
# Visual Studio Version 17
VisualStudioVersion = 17.14.36401.2 d17.14
MinimumVisualStudioVersion = 10.0.40219.1
Project("{FAE04EC0-301F-11D3-BF4B-00C04F79EFBC}") = "JobBoardAPI", "JobBoardAPI\JobBoardAPI.csproj", "{AE91B8C4-8C4E-4957-AF58-BE3B97197D40}"
EndProject
Global
	GlobalSection(SolutionConfigurationPlatforms) = preSolution
		Debug|Any CPU = Debug|Any CPU
		Release|Any CPU = Release|Any CPU
	EndGlobalSection
	GlobalSection(ProjectConfigurationPlatforms) = postSolution
		{AE91B8C4-8C4E-4957-AF58-BE3B97197D40}.Debug|Any CPU.ActiveCfg = Debug|Any CPU
		{AE91B8C4-8C4E-4957-AF58-BE3B97197D40}.Debug|Any CPU.Build.0 = Debug|Any CPU
		{AE91B8C4-8C4E-4957-AF58-BE3B97197D40}.Release|Any CPU.ActiveCfg = Release|Any CPU
		{AE91B8C4-8C4E-4957-AF58-BE3B97197D40}.Release|Any CPU.Build.0 = Release|Any CPU
	EndGlobalSection
	GlobalSection(SolutionProperties) = preSolution
		HideSolutionNode = FALSE
	EndGlobalSection
	GlobalSection(ExtensibilityGlobals) = postSolution
		SolutionGuid = {62A65243-971B-4D7F-9756-41E98308360F}
	EndGlobalSection
EndGlobal
